{
  "nodes": {
    "darwin": {
      "inputs": {
        "nixpkgs": [
          "nixpkgs"
        ]
      },
      "locked": {
        "lastModified": 1731424394,
        "narHash": "sha256-J+POQgWQdjhuF1pEnkVKWPJ+dM62FTepk6TmJdj3O5U=",
        "owner": "LnL7",
        "repo": "nix-darwin",
        "rev": "e30d226a24e4079d068321f935dbf30626f08dc8",
        "type": "github"
      },
      "original": {
        "owner": "LnL7",
        "repo": "nix-darwin",
        "type": "github"
      }
    },
    "home-manager": {
      "inputs": {
        "nixpkgs": [
          "nixpkgs"
        ]
      },
      "locked": {
        "lastModified": 1731235328,
        "narHash": "sha256-NjavpgE9/bMe/ABvZpyHIUeYF1mqR5lhaep3wB79ucs=",
        "owner": "nix-community",
        "repo": "home-manager",
        "rev": "60bb110917844d354f3c18e05450606a435d2d10",
        "type": "github"
      },
      "original": {
        "owner": "nix-community",
        "repo": "home-manager",
        "type": "github"
      }
    },
    "nix-index-database": {
      "inputs": {
        "nixpkgs": [
          "nixpkgs"
        ]
      },
      "locked": {
        "lastModified": 1733629314,
        "narHash": "sha256-U0vivjQFAwjNDYt49Krevs1murX9hKBFe2Ye0cHpgbU=",
        "owner": "nix-community",
        "repo": "nix-index-database",
        "rev": "f1e477a7dd11e27e7f98b646349cd66bbabf2fb8",
        "type": "github"
      },
      "original": {
        "owner": "nix-community",
        "repo": "nix-index-database",
        "type": "github"
      }
    },
    "nixpkgs": {
      "locked": {
        "lastModified": 1731245184,
        "narHash": "sha256-vmLS8+x+gHRv1yzj3n+GTAEObwmhxmkkukB2DwtJRdU=",
        "owner": "NixOS",
        "repo": "nixpkgs",
        "rev": "aebe249544837ce42588aa4b2e7972222ba12e8f",
        "type": "github"
      },
      "original": {
        "owner": "NixOS",
        "ref": "nixpkgs-unstable",
        "repo": "nixpkgs",
        "type": "github"
      }
    },
    "root": {
      "inputs": {
        "darwin": "darwin",
        "home-manager": "home-manager",
        "nix-index-database": "nix-index-database",
        "nixpkgs": "nixpkgs",
        "rust-overlay": "rust-overlay"
      }
    },
    "rust-overlay": {
      "inputs": {
        "nixpkgs": [
          "nixpkgs"
        ]
      },
      "locked": {
        "lastModified": 1731378398,
        "narHash": "sha256-a0QWaiX8+AJ9/XBLGMDy6c90GD7HzpxKVdlFwCke5Pw=",
        "owner": "oxalica",
        "repo": "rust-overlay",
        "rev": "0ae9fc2f2fe5361837d59c0bdebbda176427111e",
        "type": "github"
      },
      "original": {
        "owner": "oxalica",
        "repo": "rust-overlay",
        "type": "github"
      }
    }
  },
  "root": "root",
  "version": 7
}
